
Microsoft Visual Studio Solution File, Format Version 12.00
# Visual Studio 14
VisualStudioVersion = 14.0.24720.0
MinimumVisualStudioVersion = 10.0.40219.1
Project("{FAE04EC0-301F-11D3-BF4B-00C04F79EFBC}") = "Week7_ProjectWeek_ResourcesProjectv2", "Week7_ProjectWeek_ResourcesProjectv2\Week7_ProjectWeek_ResourcesProjectv2.csproj", "{A149ACC5-B814-4F38-8408-2750CDDDABC9}"
EndProject
Global
	GlobalSection(SolutionConfigurationPlatforms) = preSolution
		Debug|Any CPU = Debug|Any CPU
		Release|Any CPU = Release|Any CPU
	EndGlobalSection
	GlobalSection(ProjectConfigurationPlatforms) = postSolution
		{A149ACC5-B814-4F38-8408-2750CDDDABC9}.Debug|Any CPU.ActiveCfg = Debug|Any CPU
		{A149ACC5-B814-4F38-8408-2750CDDDABC9}.Debug|Any CPU.Build.0 = Debug|Any CPU
		{A149ACC5-B814-4F38-8408-2750CDDDABC9}.Release|Any CPU.ActiveCfg = Release|Any CPU
		{A149ACC5-B814-4F38-8408-2750CDDDABC9}.Release|Any CPU.Build.0 = Release|Any CPU
	EndGlobalSection
	GlobalSection(SolutionProperties) = preSolution
		HideSolutionNode = FALSE
	EndGlobalSection
EndGlobal
